
Microsoft Visual Studio Solution File, Format Version 12.00
# Visual Studio Version 17
VisualStudioVersion = 17.14.36518.9 d17.14
MinimumVisualStudioVersion = 10.0.40219.1
Project("{FAE04EC0-301F-11D3-BF4B-00C04F79EFBC}") = "HotelReservationSystem", "HotelReservationSystem\HotelReservationSystem.csproj", "{6CABBFE7-0AA1-4F40-95C2-6CF64E33677A}"
EndProject
Project("{FAE04EC0-301F-11D3-BF4B-00C04F79EFBC}") = "HotelReservationSystem.UI", "HotelReservationSystem.UI\HotelReservationSystem.UI.csproj", "{2D12AAE6-ADF8-484E-9FEB-5E25EDE0B480}"
EndProject
Global
	GlobalSection(SolutionConfigurationPlatforms) = preSolution
		Debug|Any CPU = Debug|Any CPU
		Release|Any CPU = Release|Any CPU
	EndGlobalSection
	GlobalSection(ProjectConfigurationPlatforms) = postSolution
		{6CABBFE7-0AA1-4F40-95C2-6CF64E33677A}.Debug|Any CPU.ActiveCfg = Debug|Any CPU
		{6CABBFE7-0AA1-4F40-95C2-6CF64E33677A}.Debug|Any CPU.Build.0 = Debug|Any CPU
		{6CABBFE7-0AA1-4F40-95C2-6CF64E33677A}.Release|Any CPU.ActiveCfg = Release|Any CPU
		{6CABBFE7-0AA1-4F40-95C2-6CF64E33677A}.Release|Any CPU.Build.0 = Release|Any CPU
		{2D12AAE6-ADF8-484E-9FEB-5E25EDE0B480}.Debug|Any CPU.ActiveCfg = Debug|Any CPU
		{2D12AAE6-ADF8-484E-9FEB-5E25EDE0B480}.Debug|Any CPU.Build.0 = Debug|Any CPU
		{2D12AAE6-ADF8-484E-9FEB-5E25EDE0B480}.Release|Any CPU.ActiveCfg = Release|Any CPU
		{2D12AAE6-ADF8-484E-9FEB-5E25EDE0B480}.Release|Any CPU.Build.0 = Release|Any CPU
	EndGlobalSection
	GlobalSection(SolutionProperties) = preSolution
		HideSolutionNode = FALSE
	EndGlobalSection
	GlobalSection(ExtensibilityGlobals) = postSolution
		SolutionGuid = {6B89375D-D823-4013-9F64-EFCA75D6EDDD}
	EndGlobalSection
EndGlobal
